
Microsoft Visual Studio Solution File, Format Version 12.00
# Visual Studio Version 16
VisualStudioVersion = 16.0.30114.105
MinimumVisualStudioVersion = 10.0.40219.1
Project("{FAE04EC0-301F-11D3-BF4B-00C04F79EFBC}") = "HatebNotification", "HatebNotification\HatebNotification.csproj", "{8C09686C-1C41-4AED-94CD-9B27ABD1CF6D}"
EndProject
Project("{FAE04EC0-301F-11D3-BF4B-00C04F79EFBC}") = "HatebNotification.Tests", "HatebNotification.Tests\HatebNotification.Tests.csproj", "{EF004E67-85B5-4BC1-B866-39EAA7BF1A4A}"
EndProject
Global
	GlobalSection(SolutionConfigurationPlatforms) = preSolution
		Debug|Any CPU = Debug|Any CPU
		Debug|x64 = Debug|x64
		Debug|x86 = Debug|x86
		Release|Any CPU = Release|Any CPU
		Release|x64 = Release|x64
		Release|x86 = Release|x86
	EndGlobalSection
	GlobalSection(SolutionProperties) = preSolution
		HideSolutionNode = FALSE
	EndGlobalSection
	GlobalSection(ProjectConfigurationPlatforms) = postSolution
		{8C09686C-1C41-4AED-94CD-9B27ABD1CF6D}.Debug|Any CPU.ActiveCfg = Debug|Any CPU
		{8C09686C-1C41-4AED-94CD-9B27ABD1CF6D}.Debug|Any CPU.Build.0 = Debug|Any CPU
		{8C09686C-1C41-4AED-94CD-9B27ABD1CF6D}.Debug|x64.ActiveCfg = Debug|Any CPU
		{8C09686C-1C41-4AED-94CD-9B27ABD1CF6D}.Debug|x64.Build.0 = Debug|Any CPU
		{8C09686C-1C41-4AED-94CD-9B27ABD1CF6D}.Debug|x86.ActiveCfg = Debug|Any CPU
		{8C09686C-1C41-4AED-94CD-9B27ABD1CF6D}.Debug|x86.Build.0 = Debug|Any CPU
		{8C09686C-1C41-4AED-94CD-9B27ABD1CF6D}.Release|Any CPU.ActiveCfg = Release|Any CPU
		{8C09686C-1C41-4AED-94CD-9B27ABD1CF6D}.Release|Any CPU.Build.0 = Release|Any CPU
		{8C09686C-1C41-4AED-94CD-9B27ABD1CF6D}.Release|x64.ActiveCfg = Release|Any CPU
		{8C09686C-1C41-4AED-94CD-9B27ABD1CF6D}.Release|x64.Build.0 = Release|Any CPU
		{8C09686C-1C41-4AED-94CD-9B27ABD1CF6D}.Release|x86.ActiveCfg = Release|Any CPU
		{8C09686C-1C41-4AED-94CD-9B27ABD1CF6D}.Release|x86.Build.0 = Release|Any CPU
		{EF004E67-85B5-4BC1-B866-39EAA7BF1A4A}.Debug|Any CPU.ActiveCfg = Debug|Any CPU
		{EF004E67-85B5-4BC1-B866-39EAA7BF1A4A}.Debug|Any CPU.Build.0 = Debug|Any CPU
		{EF004E67-85B5-4BC1-B866-39EAA7BF1A4A}.Debug|x64.ActiveCfg = Debug|Any CPU
		{EF004E67-85B5-4BC1-B866-39EAA7BF1A4A}.Debug|x64.Build.0 = Debug|Any CPU
		{EF004E67-85B5-4BC1-B866-39EAA7BF1A4A}.Debug|x86.ActiveCfg = Debug|Any CPU
		{EF004E67-85B5-4BC1-B866-39EAA7BF1A4A}.Debug|x86.Build.0 = Debug|Any CPU
		{EF004E67-85B5-4BC1-B866-39EAA7BF1A4A}.Release|Any CPU.ActiveCfg = Release|Any CPU
		{EF004E67-85B5-4BC1-B866-39EAA7BF1A4A}.Release|Any CPU.Build.0 = Release|Any CPU
		{EF004E67-85B5-4BC1-B866-39EAA7BF1A4A}.Release|x64.ActiveCfg = Release|Any CPU
		{EF004E67-85B5-4BC1-B866-39EAA7BF1A4A}.Release|x64.Build.0 = Release|Any CPU
		{EF004E67-85B5-4BC1-B866-39EAA7BF1A4A}.Release|x86.ActiveCfg = Release|Any CPU
		{EF004E67-85B5-4BC1-B866-39EAA7BF1A4A}.Release|x86.Build.0 = Release|Any CPU
	EndGlobalSection
EndGlobal
